
Microsoft Visual Studio Solution File, Format Version 12.00
# Visual Studio Version 16
VisualStudioVersion = 16.0.29306.81
MinimumVisualStudioVersion = 10.0.40219.1
Project("{FAE04EC0-301F-11D3-BF4B-00C04F79EFBC}") = "InHouseInteriorsApplication", "InHouseInteriorsApplication\InHouseInteriorsApplication.csproj", "{78694DF9-67B9-40B5-B99C-E756A1F8BB8A}"
EndProject
Global
	GlobalSection(SolutionConfigurationPlatforms) = preSolution
		Debug|Any CPU = Debug|Any CPU
		Release|Any CPU = Release|Any CPU
	EndGlobalSection
	GlobalSection(ProjectConfigurationPlatforms) = postSolution
		{78694DF9-67B9-40B5-B99C-E756A1F8BB8A}.Debug|Any CPU.ActiveCfg = Debug|Any CPU
		{78694DF9-67B9-40B5-B99C-E756A1F8BB8A}.Debug|Any CPU.Build.0 = Debug|Any CPU
		{78694DF9-67B9-40B5-B99C-E756A1F8BB8A}.Release|Any CPU.ActiveCfg = Release|Any CPU
		{78694DF9-67B9-40B5-B99C-E756A1F8BB8A}.Release|Any CPU.Build.0 = Release|Any CPU
	EndGlobalSection
	GlobalSection(SolutionProperties) = preSolution
		HideSolutionNode = FALSE
	EndGlobalSection
	GlobalSection(ExtensibilityGlobals) = postSolution
		SolutionGuid = {2FAF6D35-6412-45A4-A5E4-DDB7EA9EFF63}
	EndGlobalSection
EndGlobal
